<?xml version="1.0" encoding="utf-8"?>
<Project ToolsVersion="4.0" xmlns="http://schemas.microsoft.com/developer/msbuild/2003">
  <ItemGroup>
    <Filter Include="Source Files">
      <UniqueIdentifier>{4FC737F1-C7A5-4376-A066-2A32D752A2FF}</UniqueIdentifier>
      <Extensions>cpp;c;cc;cxx;def;odl;idl;hpj;bat;asm;asmx</Extensions>
    </Filter>
    <Filter Include="Header Files">
      <UniqueIdentifier>{93995380-89BD-4b04-88EB-625FBE52EBFB}</UniqueIdentifier>
      <Extensions>h;hh;hpp;hxx;hm;inl;inc;ipp;xsd</Extensions>
    </Filter>
    <Filter Include="Resource Files">
      <UniqueIdentifier>{67DA6AB6-F800-4c08-8B7A-83BB121AAD01}</UniqueIdentifier>
      <Extensions>rc;ico;cur;bmp;dlg;rc2;rct;bin;rgs;gif;jpg;jpeg;jpe;resx;tiff;tif;png;wav;mfcribbon-ms</Extensions>
    </Filter>
    <Filter Include="mot">
      <UniqueIdentifier>{6dba3bf5-ce3c-4715-9a01-b352a3549912}</UniqueIdentifier>
    </Filter>
    <Filter Include="tensorRT">
      <UniqueIdentifier>{6395e3d7-7e9d-4f3e-a810-668956bbe2de}</UniqueIdentifier>
    </Filter>
    <Filter Include="MariaDB">
      <UniqueIdentifier>{18d9b02b-3f62-484b-b07a-83d271a8fc32}</UniqueIdentifier>
    </Filter>
  </ItemGroup>
  <ItemGroup>
    <ClInclude Include="UniTraffic.h">
      <Filter>Header Files</Filter>
    </ClInclude>
    <ClInclude Include="stdafx.h">
      <Filter>Header Files</Filter>
    </ClInclude>
    <ClInclude Include="targetver.h">
      <Filter>Header Files</Filter>
    </ClInclude>
    <ClInclude Include="MainFrm.h">
      <Filter>Header Files</Filter>
    </ClInclude>
    <ClInclude Include="ChildFrm.h">
      <Filter>Header Files</Filter>
    </ClInclude>
    <ClInclude Include="UniTrafficDoc.h">
      <Filter>Header Files</Filter>
    </ClInclude>
    <ClInclude Include="UniTrafficView.h">
      <Filter>Header Files</Filter>
    </ClInclude>
    <ClInclude Include="Resource.h">
      <Filter>Header Files</Filter>
    </ClInclude>
    <ClInclude Include="FileView.h">
      <Filter>Header Files</Filter>
    </ClInclude>
    <ClInclude Include="ClassView.h">
      <Filter>Header Files</Filter>
    </ClInclude>
    <ClInclude Include="ViewTree.h">
      <Filter>Header Files</Filter>
    </ClInclude>
    <ClInclude Include="OutputWnd.h">
      <Filter>Header Files</Filter>
    </ClInclude>
    <ClInclude Include="PropertiesWnd.h">
      <Filter>Header Files</Filter>
    </ClInclude>
    <ClInclude Include="DarknetData.h">
      <Filter>Header Files</Filter>
    </ClInclude>
    <ClInclude Include="AutoLock.h">
      <Filter>Header Files</Filter>
    </ClInclude>
    <ClInclude Include="RadarManager.h">
      <Filter>Header Files</Filter>
    </ClInclude>
    <ClInclude Include="DataQueue.h">
      <Filter>Header Files</Filter>
    </ClInclude>
    <ClInclude Include="CManagerLogin.h">
      <Filter>Header Files</Filter>
    </ClInclude>
    <ClInclude Include="mot\argv.h">
      <Filter>mot</Filter>
    </ClInclude>
    <ClInclude Include="mot\complex.h">
      <Filter>mot</Filter>
    </ClInclude>
    <ClInclude Include="mot\feature.h">
      <Filter>mot</Filter>
    </ClInclude>
    <ClInclude Include="mot\hungarian_method.h">
      <Filter>mot</Filter>
    </ClInclude>
    <ClInclude Include="mot\tracking.h">
      <Filter>mot</Filter>
    </ClInclude>
    <ClInclude Include="mot\common.h">
      <Filter>mot</Filter>
    </ClInclude>
    <ClInclude Include="mot\CCamPosition.h">
      <Filter>mot</Filter>
    </ClInclude>
    <ClInclude Include="mot\param_set.h">
      <Filter>mot</Filter>
    </ClInclude>
    <ClInclude Include="mot\CRegion.h">
      <Filter>mot</Filter>
    </ClInclude>
    <ClInclude Include="TRTEngine_DLL\tensorRT\modules\class_detector.h">
      <Filter>tensorRT</Filter>
    </ClInclude>
    <ClInclude Include="TRTEngine_DLL\tensorRT\modules\plugin_factory.h">
      <Filter>tensorRT</Filter>
    </ClInclude>
    <ClInclude Include="EngineConfig.h">
      <Filter>Header Files</Filter>
    </ClInclude>
    <ClInclude Include="violation_process.h">
      <Filter>Header Files</Filter>
    </ClInclude>
    <ClInclude Include="TimeChecker.h">
      <Filter>Header Files</Filter>
    </ClInclude>
    <ClInclude Include="TRTEngine_DLL\tensorRT\extra\class_timer.hpp">
      <Filter>tensorRT</Filter>
    </ClInclude>
    <ClInclude Include="CTcpServer.h">
      <Filter>Header Files</Filter>
    </ClInclude>
    <ClInclude Include="CTcpService.h">
      <Filter>Header Files</Filter>
    </ClInclude>
    <ClInclude Include="CLogin.h">
      <Filter>Header Files</Filter>
    </ClInclude>
    <ClInclude Include="base64.h">
      <Filter>Header Files</Filter>
    </ClInclude>
    <ClInclude Include="CChangePassword.h">
      <Filter>Header Files</Filter>
    </ClInclude>
    <ClInclude Include="MariaDB\CDB.h">
      <Filter>MariaDB</Filter>
    </ClInclude>
    <ClInclude Include="MariaDB\DBTableInfo.h">
      <Filter>MariaDB</Filter>
    </ClInclude>
  </ItemGroup>
  <ItemGroup>
    <ClCompile Include="UniTraffic.cpp">
      <Filter>Source Files</Filter>
    </ClCompile>
    <ClCompile Include="stdafx.cpp">
      <Filter>Source Files</Filter>
    </ClCompile>
    <ClCompile Include="MainFrm.cpp">
      <Filter>Source Files</Filter>
    </ClCompile>
    <ClCompile Include="ChildFrm.cpp">
      <Filter>Source Files</Filter>
    </ClCompile>
    <ClCompile Include="UniTrafficDoc.cpp">
      <Filter>Source Files</Filter>
    </ClCompile>
    <ClCompile Include="UniTrafficView.cpp">
      <Filter>Source Files</Filter>
    </ClCompile>
    <ClCompile Include="FileView.cpp">
      <Filter>Source Files</Filter>
    </ClCompile>
    <ClCompile Include="ClassView.cpp">
      <Filter>Source Files</Filter>
    </ClCompile>
    <ClCompile Include="ViewTree.cpp">
      <Filter>Source Files</Filter>
    </ClCompile>
    <ClCompile Include="OutputWnd.cpp">
      <Filter>Source Files</Filter>
    </ClCompile>
    <ClCompile Include="PropertiesWnd.cpp">
      <Filter>Source Files</Filter>
    </ClCompile>
    <ClCompile Include="DarknetData.cpp">
      <Filter>Source Files</Filter>
    </ClCompile>
    <ClCompile Include="RadarManager.cpp">
      <Filter>Source Files</Filter>
    </ClCompile>
    <ClCompile Include="DataQueue.cpp">
      <Filter>Source Files</Filter>
    </ClCompile>
    <ClCompile Include="CManagerLogin.cpp">
      <Filter>Source Files</Filter>
    </ClCompile>
    <ClCompile Include="mot\argv.c">
      <Filter>mot</Filter>
    </ClCompile>
    <ClCompile Include="mot\complex.cpp">
      <Filter>mot</Filter>
    </ClCompile>
    <ClCompile Include="mot\feature.cpp">
      <Filter>mot</Filter>
    </ClCompile>
    <ClCompile Include="mot\hungarian_method.cpp">
      <Filter>mot</Filter>
    </ClCompile>
    <ClCompile Include="mot\tracking.cpp">
      <Filter>mot</Filter>
    </ClCompile>
    <ClCompile Include="mot\CCamPosition.cpp">
      <Filter>mot</Filter>
    </ClCompile>
    <ClCompile Include="mot\param_set.cpp">
      <Filter>mot</Filter>
    </ClCompile>
    <ClCompile Include="mot\CRegion.cpp">
      <Filter>mot</Filter>
    </ClCompile>
    <ClCompile Include="EngineConfig.cpp">
      <Filter>Source Files</Filter>
    </ClCompile>
    <ClCompile Include="violation_process.cpp">
      <Filter>Source Files</Filter>
    </ClCompile>
    <ClCompile Include="CTcpServer.cpp">
      <Filter>Source Files</Filter>
    </ClCompile>
    <ClCompile Include="CTcpService.cpp">
      <Filter>Source Files</Filter>
    </ClCompile>
    <ClCompile Include="CLogin.cpp">
      <Filter>Source Files</Filter>
    </ClCompile>
    <ClCompile Include="base64.cpp">
      <Filter>Source Files</Filter>
    </ClCompile>
    <ClCompile Include="CChangePassword.cpp">
      <Filter>Source Files</Filter>
    </ClCompile>
    <ClCompile Include="MariaDB\CDB.cpp">
      <Filter>MariaDB</Filter>
    </ClCompile>
  </ItemGroup>
  <ItemGroup>
    <ResourceCompile Include="UniTraffic.rc">
      <Filter>Resource Files</Filter>
    </ResourceCompile>
  </ItemGroup>
  <ItemGroup>
    <Image Include="res\file_view.ico">
      <Filter>Resource Files</Filter>
    </Image>
    <Image Include="res\file_view_hc.ico">
      <Filter>Resource Files</Filter>
    </Image>
    <Image Include="res\class_view.ico">
      <Filter>Resource Files</Filter>
    </Image>
    <Image Include="res\class_view_hc.ico">
      <Filter>Resource Files</Filter>
    </Image>
    <Image Include="res\fileview.bmp">
      <Filter>Resource Files</Filter>
    </Image>
    <Image Include="res\fileview_hc.bmp">
      <Filter>Resource Files</Filter>
    </Image>
    <Image Include="res\classview.bmp">
      <Filter>Resource Files</Filter>
    </Image>
    <Image Include="res\classview_hc.bmp">
      <Filter>Resource Files</Filter>
    </Image>
    <Image Include="res\explorer.bmp">
      <Filter>Resource Files</Filter>
    </Image>
    <Image Include="res\explorer_hc.bmp">
      <Filter>Resource Files</Filter>
    </Image>
    <Image Include="res\sort.bmp">
      <Filter>Resource Files</Filter>
    </Image>
    <Image Include="res\sort_hc.bmp">
      <Filter>Resource Files</Filter>
    </Image>
    <Image Include="res\menuimages.bmp">
      <Filter>Resource Files</Filter>
    </Image>
    <Image Include="res\menuimages_hc.bmp">
      <Filter>Resource Files</Filter>
    </Image>
    <Image Include="res\output_wnd.ico">
      <Filter>Resource Files</Filter>
    </Image>
    <Image Include="res\output_wnd_hc.ico">
      <Filter>Resource Files</Filter>
    </Image>
    <Image Include="res\properties_wnd.ico">
      <Filter>Resource Files</Filter>
    </Image>
    <Image Include="res\properties_wnd_hc.ico">
      <Filter>Resource Files</Filter>
    </Image>
    <Image Include="res\properties.bmp">
      <Filter>Resource Files</Filter>
    </Image>
    <Image Include="res\properties_hc.bmp">
      <Filter>Resource Files</Filter>
    </Image>
    <Image Include="res\userimages.bmp">
      <Filter>Resource Files</Filter>
    </Image>
    <Image Include="res\UniTrafficDoc.ico">
      <Filter>Resource Files</Filter>
    </Image>
    <Image Include="res\UniTraffic.ico">
      <Filter>Resource Files</Filter>
    </Image>
    <Image Include="res\Toolbar.bmp">
      <Filter>Resource Files</Filter>
    </Image>
    <Image Include="res\Toolbar256.bmp">
      <Filter>Resource Files</Filter>
    </Image>
    <Image Include="res\mainfram.bmp">
      <Filter>Resource Files</Filter>
    </Image>
    <Image Include="res\toolbar1.bmp">
      <Filter>Resource Files</Filter>
    </Image>
  </ItemGroup>
  <ItemGroup>
    <None Include="res\UniTraffic.rc2">
      <Filter>Resource Files</Filter>
    </None>
  </ItemGroup>
</Project>